// !$*UTF8*$!
{
	archiveVersion = 1;
	classes = {
	};
	objectVersion = 46;
	objects = {

/* Begin PBXBuildFile section */
		07CD31431B41DC8F0037897A /* AppDelegate.swift in Sources */ = {isa = PBXBuildFile; fileRef = 07CD31421B41DC8F0037897A /* AppDelegate.swift */; };
		07CD31451B41DC8F0037897A /* ViewController.swift in Sources */ = {isa = PBXBuildFile; fileRef = 07CD31441B41DC8F0037897A /* ViewController.swift */; };
		07CD31481B41DC8F0037897A /* Main.storyboard in Resources */ = {isa = PBXBuildFile; fileRef = 07CD31461B41DC8F0037897A /* Main.storyboard */; };
		07CD314A1B41DC8F0037897A /* Images.xcassets in Resources */ = {isa = PBXBuildFile; fileRef = 07CD31491B41DC8F0037897A /* Images.xcassets */; };
		07CD314D1B41DC8F0037897A /* LaunchScreen.xib in Resources */ = {isa = PBXBuildFile; fileRef = 07CD314B1B41DC8F0037897A /* LaunchScreen.xib */; };
		07CD31591B41DC900037897A /* tips2_0Tests.swift in Sources */ = {isa = PBXBuildFile; fileRef = 07CD31581B41DC900037897A /* tips2_0Tests.swift */; };
/* End PBXBuildFile section */

/* Begin PBXContainerItemProxy section */
		07CD31531B41DC900037897A /* PBXContainerItemProxy */ = {
			isa = PBXContainerItemProxy;
			containerPortal = 07CD31351B41DC8F0037897A /* Project object */;
			proxyType = 1;
			remoteGlobalIDString = 07CD313C1B41DC8F0037897A;
			remoteInfo = tips2.0;
		};
/* End PBXContainerItemProxy section */

/* Begin PBXFileReference section */
		07CD313D1B41DC8F0037897A /* Tipr.app */ = {isa = PBXFileReference; explicitFileType = wrapper.application; includeInIndex = 0; path = Tipr.app; sourceTree = BUILT_PRODUCTS_DIR; };
		07CD31411B41DC8F0037897A /* Info.plist */ = {isa = PBXFileReference; lastKnownFileType = text.plist.xml; path = Info.plist; sourceTree = "<group>"; };
		07CD31421B41DC8F0037897A /* AppDelegate.swift */ = {isa = PBXFileReference; lastKnownFileType = sourcecode.swift; path = AppDelegate.swift; sourceTree = "<group>"; };
		07CD31441B41DC8F0037897A /* ViewController.swift */ = {isa = PBXFileReference; lastKnownFileType = sourcecode.swift; path = ViewController.swift; sourceTree = "<group>"; };
		07CD31471B41DC8F0037897A /* Base */ = {isa = PBXFileReference; lastKnownFileType = file.storyboard; name = Base; path = Base.lproj/Main.storyboard; sourceTree = "<group>"; };
		07CD31491B41DC8F0037897A /* Images.xcassets */ = {isa = PBXFileReference; lastKnownFileType = folder.assetcatalog; path = Images.xcassets; sourceTree = "<group>"; };
		07CD314C1B41DC8F0037897A /* Base */ = {isa = PBXFileReference; lastKnownFileType = file.xib; name = Base; path = Base.lproj/LaunchScreen.xib; sourceTree = "<group>"; };
		07CD31521B41DC900037897A /* tips2.0Tests.xctest */ = {isa = PBXFileReference; explicitFileType = wrapper.cfbundle; includeInIndex = 0; path = tips2.0Tests.xctest; sourceTree = BUILT_PRODUCTS_DIR; };
		07CD31571B41DC900037897A /* Info.plist */ = {isa = PBXFileReference; lastKnownFileType = text.plist.xml; path = Info.plist; sourceTree = "<group>"; };
		07CD31581B41DC900037897A /* tips2_0Tests.swift */ = {isa = PBXFileReference; lastKnownFileType = sourcecode.swift; path = tips2_0Tests.swift; sourceTree = "<group>"; };
/* End PBXFileReference section */

/* Begin PBXFrameworksBuildPhase section */
		07CD313A1B41DC8F0037897A /* Frameworks */ = {
			isa = PBXFrameworksBuildPhase;
			buildActionMask = 2147483647;
			files = (
			);
			runOnlyForDeploymentPostprocessing = 0;
		};
		07CD314F1B41DC900037897A /* Frameworks */ = {
			isa = PBXFrameworksBuildPhase;
			buildActionMask = 2147483647;
			files = (
			);
			runOnlyForDeploymentPostprocessing = 0;
		};
/* End PBXFrameworksBuildPhase section */

/* Begin PBXGroup section */
		07CD31341B41DC8F0037897A = {
			isa = PBXGroup;
			children = (
				07CD313F1B41DC8F0037897A /* tips2.0 */,
				07CD31551B41DC900037897A /* tips2.0Tests */,
				07CD313E1B41DC8F0037897A /* Products */,
			);
			sourceTree = "<group>";
		};
		07CD313E1B41DC8F0037897A /* Products */ = {
			isa = PBXGroup;
			children = (
				07CD313D1B41DC8F0037897A /* Tipr.app */,
				07CD31521B41DC900037897A /* tips2.0Tests.xctest */,
			);
			name = Products;
			sourceTree = "<group>";
		};
		07CD313F1B41DC8F0037897A /* tips2.0 */ = {
			isa = PBXGroup;
			children = (
				07CD31421B41DC8F0037897A /* AppDelegate.swift */,
				07CD31441B41DC8F0037897A /* ViewController.swift */,
				07CD31461B41DC8F0037897A /* Main.storyboard */,
				07CD31491B41DC8F0037897A /* Images.xcassets */,
				07CD314B1B41DC8F0037897A /* LaunchScreen.xib */,
				07CD31401B41DC8F0037897A /* Supporting Files */,
			);
			path = tips2.0;
			sourceTree = "<group>";
		};
		07CD31401B41DC8F0037897A /* Supporting Files */ = {
			isa = PBXGroup;
			children = (
				07CD31411B41DC8F0037897A /* Info.plist */,
			);
			name = "Supporting Files";
			sourceTree = "<group>";
		};
		07CD31551B41DC900037897A /* tips2.0Tests */ = {
			isa = PBXGroup;
			children = (
				07CD31581B41DC900037897A /* tips2_0Tests.swift */,
				07CD31561B41DC900037897A /* Supporting Files */,
			);
			path = tips2.0Tests;
			sourceTree = "<group>";
		};
		07CD31561B41DC900037897A /* Supporting Files */ = {
			isa = PBXGroup;
			children = (
				07CD31571B41DC900037897A /* Info.plist */,
			);
			name = "Supporting Files";
			sourceTree = "<group>";
		};
/* End PBXGroup section */

/* Begin PBXNativeTarget section */
		07CD313C1B41DC8F0037897A /* tips2.0 */ = {
			isa = PBXNativeTarget;
			buildConfigurationList = 07CD315C1B41DC900037897A /* Build configuration list for PBXNativeTarget "tips2.0" */;
			buildPhases = (
				07CD31391B41DC8F0037897A /* Sources */,
				07CD313A1B41DC8F0037897A /* Frameworks */,
				07CD313B1B41DC8F0037897A /* Resources */,
			);
			buildRules = (
			);
			dependencies = (
			);
			name = tips2.0;
			productName = tips2.0;
			productReference = 07CD313D1B41DC8F0037897A /* Tipr.app */;
			productType = "com.apple.product-type.application";
		};
		07CD31511B41DC900037897A /* tips2.0Tests */ = {
			isa = PBXNativeTarget;
			buildConfigurationList = 07CD315F1B41DC900037897A /* Build configuration list for PBXNativeTarget "tips2.0Tests" */;
			buildPhases = (
				07CD314E1B41DC900037897A /* Sources */,
				07CD314F1B41DC900037897A /* Frameworks */,
				07CD31501B41DC900037897A /* Resources */,
			);
			buildRules = (
			);
			dependencies = (
				07CD31541B41DC900037897A /* PBXTargetDependency */,
			);
			name = tips2.0Tests;
			productName = tips2.0Tests;
			productReference = 07CD31521B41DC900037897A /* tips2.0Tests.xctest */;
			productType = "com.apple.product-type.bundle.unit-test";
		};
/* End PBXNativeTarget section */

/* Begin PBXProject section */
		07CD31351B41DC8F0037897A /* Project object */ = {
			isa = PBXProject;
			attributes = {
				LastUpgradeCheck = 0630;
				ORGANIZATIONNAME = "Carlos Canas";
				TargetAttributes = {
					07CD313C1B41DC8F0037897A = {
						CreatedOnToolsVersion = 6.3.2;
						DevelopmentTeam = 5Z75W2QT9C;
					};
					07CD31511B41DC900037897A = {
						CreatedOnToolsVersion = 6.3.2;
						TestTargetID = 07CD313C1B41DC8F0037897A;
					};
				};
			};
			buildConfigurationList = 07CD31381B41DC8F0037897A /* Build configuration list for PBXProject "Tipr" */;
			compatibilityVersion = "Xcode 3.2";
			developmentRegion = English;
			hasScannedForEncodings = 0;
			knownRegions = (
				en,
				Base,
			);
			mainGroup = 07CD31341B41DC8F0037897A;
			productRefGroup = 07CD313E1B41DC8F0037897A /* Products */;
			projectDirPath = "";
			projectRoot = "";
			targets = (
				07CD313C1B41DC8F0037897A /* tips2.0 */,
				07CD31511B41DC900037897A /* tips2.0Tests */,
			);
		};
/* End PBXProject section */

/* Begin PBXResourcesBuildPhase section */
		07CD313B1B41DC8F0037897A /* Resources */ = {
			isa = PBXResourcesBuildPhase;
			buildActionMask = 2147483647;
			files = (
				07CD31481B41DC8F0037897A /* Main.storyboard in Resources */,
				07CD314D1B41DC8F0037897A /* LaunchScreen.xib in Resources */,
				07CD314A1B41DC8F0037897A /* Images.xcassets in Resources */,
			);
			runOnlyForDeploymentPostprocessing = 0;
		};
		07CD31501B41DC900037897A /* Resources */ = {
			isa = PBXResourcesBuildPhase;
			buildActionMask = 2147483647;
			files = (
			);
			runOnlyForDeploymentPostprocessing = 0;
		};
/* End PBXResourcesBuildPhase section */

/* Begin PBXSourcesBuildPhase section */
		07CD31391B41DC8F0037897A /* Sources */ = {
			isa = PBXSourcesBuildPhase;
			buildActionMask = 2147483647;
			files = (
				07CD31451B41DC8F0037897A /* ViewController.swift in Sources */,
				07CD31431B41DC8F0037897A /* AppDelegate.swift in Sources */,
			);
			runOnlyForDeploymentPostprocessing = 0;
		};
		07CD314E1B41DC900037897A /* Sources */ = {
			isa = PBXSourcesBuildPhase;
			buildActionMask = 2147483647;
			files = (
				07CD31591B41DC900037897A /* tips2_0Tests.swift in Sources */,
			);
			runOnlyForDeploymentPostprocessing = 0;
		};
/* End PBXSourcesBuildPhase section */

/* Begin PBXTargetDependency section */
		07CD31541B41DC900037897A /* PBXTargetDependency */ = {
			isa = PBXTargetDependency;
			target = 07CD313C1B41DC8F0037897A /* tips2.0 */;
			targetProxy = 07CD31531B41DC900037897A /* PBXContainerItemProxy */;
		};
/* End PBXTargetDependency section */

/* Begin PBXVariantGroup section */
		07CD31461B41DC8F0037897A /* Main.storyboard */ = {
			isa = PBXVariantGroup;
			children = (
				07CD31471B41DC8F0037897A /* Base */,
			);
			name = Main.storyboard;
			sourceTree = "<group>";
		};
		07CD314B1B41DC8F0037897A /* LaunchScreen.xib */ = {
			isa = PBXVariantGroup;
			children = (
				07CD314C1B41DC8F0037897A /* Base */,
			);
			name = LaunchScreen.xib;
			sourceTree = "<group>";
		};
/* End PBXVariantGroup section */

/* Begin XCBuildConfiguration section */
		07CD315A1B41DC900037897A /* Debug */ = {
			isa = XCBuildConfiguration;
			buildSettings = {
				ALWAYS_SEARCH_USER_PATHS = NO;
				CLANG_CXX_LANGUAGE_STANDARD = "gnu++0x";
				CLANG_CXX_LIBRARY = "libc++";
				CLANG_ENABLE_MODULES = YES;
				CLANG_ENABLE_OBJC_ARC = YES;
				CLANG_WARN_BOOL_CONVERSION = YES;
				CLANG_WARN_CONSTANT_CONVERSION = YES;
				CLANG_WARN_DIRECT_OBJC_ISA_USAGE = YES_ERROR;
				CLANG_WARN_EMPTY_BODY = YES;
				CLANG_WARN_ENUM_CONVERSION = YES;
				CLANG_WARN_INT_CONVERSION = YES;
				CLANG_WARN_OBJC_ROOT_CLASS = YES_ERROR;
				CLANG_WARN_UNREACHABLE_CODE = YES;
				CLANG_WARN__DUPLICATE_METHOD_MATCH = YES;
				"CODE_SIGN_IDENTITY[sdk=iphoneos*]" = "iPhone Developer";
				COPY_PHASE_STRIP = NO;
				DEBUG_INFORMATION_FORMAT = "dwarf-with-dsym";
				ENABLE_STRICT_OBJC_MSGSEND = YES;
				GCC_C_LANGUAGE_STANDARD = gnu99;
				GCC_DYNAMIC_NO_PIC = NO;
				GCC_NO_COMMON_BLOCKS = YES;
				GCC_OPTIMIZATION_LEVEL = 0;
				GCC_PREPROCESSOR_DEFINITIONS = (
					"DEBUG=1",
					"$(inherited)",
				);
				GCC_SYMBOLS_PRIVATE_EXTERN = NO;
				GCC_WARN_64_TO_32_BIT_CONVERSION = YES;
				GCC_WARN_ABOUT_RETURN_TYPE = YES_ERROR;
				GCC_WARN_UNDECLARED_SELECTOR = YES;
				GCC_WARN_UNINITIALIZED_AUTOS = YES_AGGRESSIVE;
				GCC_WARN_UNUSED_FUNCTION = YES;
				GCC_WARN_UNUSED_VARIABLE = YES;
				IPHONEOS_DEPLOYMENT_TARGET = 8.3;
				MTL_ENABLE_DEBUG_INFO = YES;
				ONLY_ACTIVE_ARCH = YES;
				SDKROOT = iphoneos;
				SWIFT_OPTIMIZATION_LEVEL = "-Onone";
			};
			name = Debug;
		};
		07CD315B1B41DC900037897A /* Release */ = {
			isa = XCBuildConfiguration;
			buildSettings = {
				ALWAYS_SEARCH_USER_PATHS = NO;
				CLANG_CXX_LANGUAGE_STANDARD = "gnu++0x";
				CLANG_CXX_LIBRARY = "libc++";
				CLANG_ENABLE_MODULES = YES;
				CLANG_ENABLE_OBJC_ARC = YES;
				CLANG_WARN_BOOL_CONVERSION = YES;
				CLANG_WARN_CONSTANT_CONVERSION = YES;
				CLANG_WARN_DIRECT_OBJC_ISA_USAGE = YES_ERROR;
				CLANG_WARN_EMPTY_BODY = YES;
				CLANG_WARN_ENUM_CONVERSION = YES;
				CLANG_WARN_INT_CONVERSION = YES;
				CLANG_WARN_OBJC_ROOT_CLASS = YES_ERROR;
				CLANG_WARN_UNREACHABLE_CODE = YES;
				CLANG_WARN__DUPLICATE_METHOD_MATCH = YES;
				"CODE_SIGN_IDENTITY[sdk=iphoneos*]" = "iPhone Developer";
				COPY_PHASE_STRIP = NO;
				DEBUG_INFORMATION_FORMAT = "dwarf-with-dsym";
				ENABLE_NS_ASSERTIONS = NO;
				ENABLE_STRICT_OBJC_MSGSEND = YES;
				GCC_C_LANGUAGE_STANDARD = gnu99;
				GCC_NO_COMMON_BLOCKS = YES;
				GCC_WARN_64_TO_32_BIT_CONVERSION = YES;
				GCC_WARN_ABOUT_RETURN_TYPE = YES_ERROR;
				GCC_WARN_UNDECLARED_SELECTOR = YES;
				GCC_WARN_UNINITIALIZED_AUTOS = YES_AGGRESSIVE;
				GCC_WARN_UNUSED_FUNCTION = YES;
				GCC_WARN_UNUSED_VARIABLE = YES;
				IPHONEOS_DEPLOYMENT_TARGET = 8.3;
				MTL_ENABLE_DEBUG_INFO = NO;
				SDKROOT = iphoneos;
				VALIDATE_PRODUCT = YES;
			};
			name = Release;
		};
		07CD315D1B41DC900037897A /* Debug */ = {
			isa = XCBuildConfiguration;
			buildSettings = {
				ASSETCATALOG_COMPILER_APPICON_NAME = AppIcon;
				ASSETCATALOG_COMPILER_LAUNCHIMAGE_NAME = LaunchImage;
				CODE_SIGN_IDENTITY = "iPhone Developer";
				"CODE_SIGN_IDENTITY[sdk=iphoneos*]" = "iPhone Developer";
				INFOPLIST_FILE = tips2.0/Info.plist;
				LD_RUNPATH_SEARCH_PATHS = "$(inherited) @executable_path/Frameworks";
				PRODUCT_NAME = Tipr;
				PROVISIONING_PROFILE = "";
			};
			name = Debug;
		};
		07CD315E1B41DC900037897A /* Release */ = {
			isa = XCBuildConfiguration;
			buildSettings = {
				ASSETCATALOG_COMPILER_APPICON_NAME = AppIcon;
				ASSETCATALOG_COMPILER_LAUNCHIMAGE_NAME = LaunchImage;
				CODE_SIGN_IDENTITY = "iPhone Developer";
				"CODE_SIGN_IDENTITY[sdk=iphoneos*]" = "iPhone Developer";
				INFOPLIST_FILE = tips2.0/Info.plist;
				LD_RUNPATH_SEARCH_PATHS = "$(inherited) @executable_path/Frameworks";
				PRODUCT_NAME = Tipr;
				PROVISIONING_PROFILE = "";
			};
			name = Release;
		};
		07CD31601B41DC900037897A /* Debug */ = {
			isa = XCBuildConfiguration;
			buildSettings = {
				BUNDLE_LOADER = "$(TEST_HOST)";
				FRAMEWORK_SEARCH_PATHS = (
					"$(SDKROOT)/Developer/Library/Frameworks",
					"$(inherited)",
				);
				GCC_PREPROCESSOR_DEFINITIONS = (
					"DEBUG=1",
					"$(inherited)",
				);
				INFOPLIST_FILE = tips2.0Tests/Info.plist;
				LD_RUNPATH_SEARCH_PATHS = "$(inherited) @executable_path/Frameworks @loader_path/Frameworks";
				PRODUCT_NAME = tips2.0Tests;
				TEST_HOST = "$(BUILT_PRODUCTS_DIR)/tips2.0.app/tips2.0";
			};
			name = Debug;
		};
		07CD31611B41DC900037897A /* Release */ = {
			isa = XCBuildConfiguration;
			buildSettings = {
				BUNDLE_LOADER = "$(TEST_HOST)";
				FRAMEWORK_SEARCH_PATHS = (
					"$(SDKROOT)/Developer/Library/Frameworks",
					"$(inherited)",
				);
				INFOPLIST_FILE = tips2.0Tests/Info.plist;
				LD_RUNPATH_SEARCH_PATHS = "$(inherited) @executable_path/Frameworks @loader_path/Frameworks";
				PRODUCT_NAME = tips2.0Tests;
				TEST_HOST = "$(BUILT_PRODUCTS_DIR)/tips2.0.app/tips2.0";
			};
			name = Release;
		};
/* End XCBuildConfiguration section */

/* Begin XCConfigurationList section */
		07CD31381B41DC8F0037897A /* Build configuration list for PBXProject "Tipr" */ = {
			isa = XCConfigurationList;
			buildConfigurations = (
				07CD315A1B41DC900037897A /* Debug */,
				07CD315B1B41DC900037897A /* Release */,
			);
			defaultConfigurationIsVisible = 0;
			defaultConfigurationName = Release;
		};
		07CD315C1B41DC900037897A /* Build configuration list for PBXNativeTarget "tips2.0" */ = {
			isa = XCConfigurationList;
			buildConfigurations = (
				07CD315D1B41DC900037897A /* Debug */,
				07CD315E1B41DC900037897A /* Release */,
			);
			defaultConfigurationIsVisible = 0;
			defaultConfigurationName = Release;
		};
		07CD315F1B41DC900037897A /* Build configuration list for PBXNativeTarget "tips2.0Tests" */ = {
			isa = XCConfigurationList;
			buildConfigurations = (
				07CD31601B41DC900037897A /* Debug */,
				07CD31611B41DC900037897A /* Release */,
			);
			defaultConfigurationIsVisible = 0;
			defaultConfigurationName = Release;
		};
/* End XCConfigurationList section */
	};
	rootObject = 07CD31351B41DC8F0037897A /* Project object */;
}
